
Microsoft Visual Studio Solution File, Format Version 12.00
# Visual Studio 15
VisualStudioVersion = 15.0.28307.421
MinimumVisualStudioVersion = 10.0.40219.1
Project("{8BC9CEB8-8B4A-11D0-8D11-00A0C91BC942}") = "CppWindowsHook", "CppWindowsHook\CppWindowsHook.vcxproj", "{9D73BBA8-B778-48F2-925B-30ECC9EDD62D}"
EndProject
Project("{8BC9CEB8-8B4A-11D0-8D11-00A0C91BC942}") = "CppHookDll", "CppHookDll\CppHookDll.vcxproj", "{D813BB86-709E-4ABB-A79F-546BA17F7383}"
EndProject
Global
	GlobalSection(SolutionConfigurationPlatforms) = preSolution
		Debug|Win32 = Debug|Win32
		Debug|x64 = Debug|x64
		Release|Win32 = Release|Win32
		Release|x64 = Release|x64
	EndGlobalSection
	GlobalSection(ProjectConfigurationPlatforms) = postSolution
		{9D73BBA8-B778-48F2-925B-30ECC9EDD62D}.Debug|Win32.ActiveCfg = Debug|Win32
		{9D73BBA8-B778-48F2-925B-30ECC9EDD62D}.Debug|Win32.Build.0 = Debug|Win32
		{9D73BBA8-B778-48F2-925B-30ECC9EDD62D}.Debug|x64.ActiveCfg = Debug|Win32
		{9D73BBA8-B778-48F2-925B-30ECC9EDD62D}.Debug|x64.Build.0 = Debug|Win32
		{9D73BBA8-B778-48F2-925B-30ECC9EDD62D}.Release|Win32.ActiveCfg = Release|x64
		{9D73BBA8-B778-48F2-925B-30ECC9EDD62D}.Release|Win32.Build.0 = Release|x64
		{9D73BBA8-B778-48F2-925B-30ECC9EDD62D}.Release|x64.ActiveCfg = Release|x64
		{9D73BBA8-B778-48F2-925B-30ECC9EDD62D}.Release|x64.Build.0 = Release|x64
		{D813BB86-709E-4ABB-A79F-546BA17F7383}.Debug|Win32.ActiveCfg = Debug|Win32
		{D813BB86-709E-4ABB-A79F-546BA17F7383}.Debug|Win32.Build.0 = Debug|Win32
		{D813BB86-709E-4ABB-A79F-546BA17F7383}.Debug|x64.ActiveCfg = Debug|Win32
		{D813BB86-709E-4ABB-A79F-546BA17F7383}.Debug|x64.Build.0 = Debug|Win32
		{D813BB86-709E-4ABB-A79F-546BA17F7383}.Release|Win32.ActiveCfg = Release|x64
		{D813BB86-709E-4ABB-A79F-546BA17F7383}.Release|Win32.Build.0 = Release|x64
		{D813BB86-709E-4ABB-A79F-546BA17F7383}.Release|x64.ActiveCfg = Release|x64
		{D813BB86-709E-4ABB-A79F-546BA17F7383}.Release|x64.Build.0 = Release|x64
	EndGlobalSection
	GlobalSection(SolutionProperties) = preSolution
		HideSolutionNode = FALSE
	EndGlobalSection
	GlobalSection(ExtensibilityGlobals) = postSolution
		SolutionGuid = {8B1AEE75-A779-40AD-A620-3F43CFC49099}
	EndGlobalSection
EndGlobal
